// !$*UTF8*$!
{
	archiveVersion = 1;
	classes = {
	};
	objectVersion = 46;
	objects = {

/* Begin PBXBuildFile section */
		727E6D1415BBE00800C0BB36 /* README.md in Resources */ = {isa = PBXBuildFile; fileRef = 727E6D1315BBE00800C0BB36 /* README.md */; };
		72897CAC15BA818B0023B870 /* Cocoa.framework in Frameworks */ = {isa = PBXBuildFile; fileRef = 72897CAB15BA818B0023B870 /* Cocoa.framework */; };
		72897CB615BA818B0023B870 /* InfoPlist.strings in Resources */ = {isa = PBXBuildFile; fileRef = 72897CB415BA818B0023B870 /* InfoPlist.strings */; };
		72897CBA15BA818B0023B870 /* SNOperationQueue.m in Sources */ = {isa = PBXBuildFile; fileRef = 72897CB915BA818B0023B870 /* SNOperationQueue.m */; };
/* End PBXBuildFile section */

/* Begin PBXFileReference section */
		727E6D1315BBE00800C0BB36 /* README.md */ = {isa = PBXFileReference; fileEncoding = 4; lastKnownFileType = text; path = README.md; sourceTree = SOURCE_ROOT; };
		72897CA815BA818B0023B870 /* SNOperationQueue.framework */ = {isa = PBXFileReference; explicitFileType = wrapper.framework; includeInIndex = 0; path = SNOperationQueue.framework; sourceTree = BUILT_PRODUCTS_DIR; };
		72897CAB15BA818B0023B870 /* Cocoa.framework */ = {isa = PBXFileReference; lastKnownFileType = wrapper.framework; name = Cocoa.framework; path = System/Library/Frameworks/Cocoa.framework; sourceTree = SDKROOT; };
		72897CAE15BA818B0023B870 /* AppKit.framework */ = {isa = PBXFileReference; lastKnownFileType = wrapper.framework; name = AppKit.framework; path = System/Library/Frameworks/AppKit.framework; sourceTree = SDKROOT; };
		72897CAF15BA818B0023B870 /* CoreData.framework */ = {isa = PBXFileReference; lastKnownFileType = wrapper.framework; name = CoreData.framework; path = System/Library/Frameworks/CoreData.framework; sourceTree = SDKROOT; };
		72897CB015BA818B0023B870 /* Foundation.framework */ = {isa = PBXFileReference; lastKnownFileType = wrapper.framework; name = Foundation.framework; path = System/Library/Frameworks/Foundation.framework; sourceTree = SDKROOT; };
		72897CB315BA818B0023B870 /* SNOperationQueue-Info.plist */ = {isa = PBXFileReference; lastKnownFileType = text.plist.xml; path = "SNOperationQueue-Info.plist"; sourceTree = "<group>"; };
		72897CB515BA818B0023B870 /* en */ = {isa = PBXFileReference; lastKnownFileType = text.plist.strings; name = en; path = en.lproj/InfoPlist.strings; sourceTree = "<group>"; };
		72897CB715BA818B0023B870 /* SNOperationQueue-Prefix.pch */ = {isa = PBXFileReference; lastKnownFileType = sourcecode.c.h; path = "SNOperationQueue-Prefix.pch"; sourceTree = "<group>"; };
		72897CB815BA818B0023B870 /* SNOperationQueue.h */ = {isa = PBXFileReference; lastKnownFileType = sourcecode.c.h; path = SNOperationQueue.h; sourceTree = "<group>"; };
		72897CB915BA818B0023B870 /* SNOperationQueue.m */ = {isa = PBXFileReference; lastKnownFileType = sourcecode.c.objc; path = SNOperationQueue.m; sourceTree = "<group>"; };
/* End PBXFileReference section */

/* Begin PBXFrameworksBuildPhase section */
		72897CA415BA818B0023B870 /* Frameworks */ = {
			isa = PBXFrameworksBuildPhase;
			buildActionMask = 2147483647;
			files = (
				72897CAC15BA818B0023B870 /* Cocoa.framework in Frameworks */,
			);
			runOnlyForDeploymentPostprocessing = 0;
		};
/* End PBXFrameworksBuildPhase section */

/* Begin PBXGroup section */
		72897C9C15BA818B0023B870 = {
			isa = PBXGroup;
			children = (
				72897CB115BA818B0023B870 /* SNOperationQueue */,
				72897CAA15BA818B0023B870 /* Frameworks */,
				72897CA915BA818B0023B870 /* Products */,
			);
			sourceTree = "<group>";
		};
		72897CA915BA818B0023B870 /* Products */ = {
			isa = PBXGroup;
			children = (
				72897CA815BA818B0023B870 /* SNOperationQueue.framework */,
			);
			name = Products;
			sourceTree = "<group>";
		};
		72897CAA15BA818B0023B870 /* Frameworks */ = {
			isa = PBXGroup;
			children = (
				72897CAB15BA818B0023B870 /* Cocoa.framework */,
				72897CAD15BA818B0023B870 /* Other Frameworks */,
			);
			name = Frameworks;
			sourceTree = "<group>";
		};
		72897CAD15BA818B0023B870 /* Other Frameworks */ = {
			isa = PBXGroup;
			children = (
				72897CAE15BA818B0023B870 /* AppKit.framework */,
				72897CAF15BA818B0023B870 /* CoreData.framework */,
				72897CB015BA818B0023B870 /* Foundation.framework */,
			);
			name = "Other Frameworks";
			sourceTree = "<group>";
		};
		72897CB115BA818B0023B870 /* SNOperationQueue */ = {
			isa = PBXGroup;
			children = (
				72897CB815BA818B0023B870 /* SNOperationQueue.h */,
				72897CB915BA818B0023B870 /* SNOperationQueue.m */,
				72897CB215BA818B0023B870 /* Supporting Files */,
			);
			path = SNOperationQueue;
			sourceTree = "<group>";
		};
		72897CB215BA818B0023B870 /* Supporting Files */ = {
			isa = PBXGroup;
			children = (
				727E6D1315BBE00800C0BB36 /* README.md */,
				72897CB315BA818B0023B870 /* SNOperationQueue-Info.plist */,
				72897CB415BA818B0023B870 /* InfoPlist.strings */,
				72897CB715BA818B0023B870 /* SNOperationQueue-Prefix.pch */,
			);
			name = "Supporting Files";
			sourceTree = "<group>";
		};
/* End PBXGroup section */

/* Begin PBXHeadersBuildPhase section */
		72897CA515BA818B0023B870 /* Headers */ = {
			isa = PBXHeadersBuildPhase;
			buildActionMask = 2147483647;
			files = (
			);
			runOnlyForDeploymentPostprocessing = 0;
		};
/* End PBXHeadersBuildPhase section */

/* Begin PBXNativeTarget section */
		72897CA715BA818B0023B870 /* SNOperationQueue */ = {
			isa = PBXNativeTarget;
			buildConfigurationList = 72897CBD15BA818B0023B870 /* Build configuration list for PBXNativeTarget "SNOperationQueue" */;
			buildPhases = (
				72897CA315BA818B0023B870 /* Sources */,
				72897CA415BA818B0023B870 /* Frameworks */,
				72897CA515BA818B0023B870 /* Headers */,
				72897CA615BA818B0023B870 /* Resources */,
			);
			buildRules = (
			);
			dependencies = (
			);
			name = SNOperationQueue;
			productName = SNOperationQueue;
			productReference = 72897CA815BA818B0023B870 /* SNOperationQueue.framework */;
			productType = "com.apple.product-type.framework";
		};
/* End PBXNativeTarget section */

/* Begin PBXProject section */
		72897C9E15BA818B0023B870 /* Project object */ = {
			isa = PBXProject;
			attributes = {
				LastUpgradeCheck = 0430;
				ORGANIZATIONNAME = "Binghamton University";
			};
			buildConfigurationList = 72897CA115BA818B0023B870 /* Build configuration list for PBXProject "SNOperationQueue" */;
			compatibilityVersion = "Xcode 3.2";
			developmentRegion = English;
			hasScannedForEncodings = 0;
			knownRegions = (
				en,
			);
			mainGroup = 72897C9C15BA818B0023B870;
			productRefGroup = 72897CA915BA818B0023B870 /* Products */;
			projectDirPath = "";
			projectRoot = "";
			targets = (
				72897CA715BA818B0023B870 /* SNOperationQueue */,
			);
		};
/* End PBXProject section */

/* Begin PBXResourcesBuildPhase section */
		72897CA615BA818B0023B870 /* Resources */ = {
			isa = PBXResourcesBuildPhase;
			buildActionMask = 2147483647;
			files = (
				72897CB615BA818B0023B870 /* InfoPlist.strings in Resources */,
				727E6D1415BBE00800C0BB36 /* README.md in Resources */,
			);
			runOnlyForDeploymentPostprocessing = 0;
		};
/* End PBXResourcesBuildPhase section */

/* Begin PBXSourcesBuildPhase section */
		72897CA315BA818B0023B870 /* Sources */ = {
			isa = PBXSourcesBuildPhase;
			buildActionMask = 2147483647;
			files = (
				72897CBA15BA818B0023B870 /* SNOperationQueue.m in Sources */,
			);
			runOnlyForDeploymentPostprocessing = 0;
		};
/* End PBXSourcesBuildPhase section */

/* Begin PBXVariantGroup section */
		72897CB415BA818B0023B870 /* InfoPlist.strings */ = {
			isa = PBXVariantGroup;
			children = (
				72897CB515BA818B0023B870 /* en */,
			);
			name = InfoPlist.strings;
			sourceTree = "<group>";
		};
/* End PBXVariantGroup section */

/* Begin XCBuildConfiguration section */
		72897CBB15BA818B0023B870 /* Debug */ = {
			isa = XCBuildConfiguration;
			buildSettings = {
				ALWAYS_SEARCH_USER_PATHS = NO;
				ARCHS = "$(ARCHS_STANDARD_64_BIT)";
				CLANG_ENABLE_OBJC_ARC = YES;
				COPY_PHASE_STRIP = NO;
				GCC_C_LANGUAGE_STANDARD = gnu99;
				GCC_DYNAMIC_NO_PIC = NO;
				GCC_ENABLE_OBJC_EXCEPTIONS = YES;
				GCC_OPTIMIZATION_LEVEL = 0;
				GCC_PREPROCESSOR_DEFINITIONS = (
					"DEBUG=1",
					"$(inherited)",
				);
				GCC_SYMBOLS_PRIVATE_EXTERN = NO;
				GCC_VERSION = com.apple.compilers.llvm.clang.1_0;
				GCC_WARN_64_TO_32_BIT_CONVERSION = YES;
				GCC_WARN_ABOUT_RETURN_TYPE = YES;
				GCC_WARN_UNINITIALIZED_AUTOS = YES;
				GCC_WARN_UNUSED_VARIABLE = YES;
				MACOSX_DEPLOYMENT_TARGET = 10.7;
				ONLY_ACTIVE_ARCH = YES;
				SDKROOT = macosx;
			};
			name = Debug;
		};
		72897CBC15BA818B0023B870 /* Release */ = {
			isa = XCBuildConfiguration;
			buildSettings = {
				ALWAYS_SEARCH_USER_PATHS = NO;
				ARCHS = "$(ARCHS_STANDARD_64_BIT)";
				CLANG_ENABLE_OBJC_ARC = YES;
				COPY_PHASE_STRIP = YES;
				DEBUG_INFORMATION_FORMAT = "dwarf-with-dsym";
				GCC_C_LANGUAGE_STANDARD = gnu99;
				GCC_ENABLE_OBJC_EXCEPTIONS = YES;
				GCC_VERSION = com.apple.compilers.llvm.clang.1_0;
				GCC_WARN_64_TO_32_BIT_CONVERSION = YES;
				GCC_WARN_ABOUT_RETURN_TYPE = YES;
				GCC_WARN_UNINITIALIZED_AUTOS = YES;
				GCC_WARN_UNUSED_VARIABLE = YES;
				MACOSX_DEPLOYMENT_TARGET = 10.7;
				SDKROOT = macosx;
			};
			name = Release;
		};
		72897CBE15BA818B0023B870 /* Debug */ = {
			isa = XCBuildConfiguration;
			buildSettings = {
				DYLIB_COMPATIBILITY_VERSION = 1;
				DYLIB_CURRENT_VERSION = 1;
				FRAMEWORK_VERSION = A;
				GCC_PRECOMPILE_PREFIX_HEADER = YES;
				GCC_PREFIX_HEADER = "SNOperationQueue/SNOperationQueue-Prefix.pch";
				INFOPLIST_FILE = "SNOperationQueue/SNOperationQueue-Info.plist";
				PRODUCT_NAME = "$(TARGET_NAME)";
				WRAPPER_EXTENSION = framework;
			};
			name = Debug;
		};
		72897CBF15BA818B0023B870 /* Release */ = {
			isa = XCBuildConfiguration;
			buildSettings = {
				DYLIB_COMPATIBILITY_VERSION = 1;
				DYLIB_CURRENT_VERSION = 1;
				FRAMEWORK_VERSION = A;
				GCC_PRECOMPILE_PREFIX_HEADER = YES;
				GCC_PREFIX_HEADER = "SNOperationQueue/SNOperationQueue-Prefix.pch";
				INFOPLIST_FILE = "SNOperationQueue/SNOperationQueue-Info.plist";
				PRODUCT_NAME = "$(TARGET_NAME)";
				WRAPPER_EXTENSION = framework;
			};
			name = Release;
		};
/* End XCBuildConfiguration section */

/* Begin XCConfigurationList section */
		72897CA115BA818B0023B870 /* Build configuration list for PBXProject "SNOperationQueue" */ = {
			isa = XCConfigurationList;
			buildConfigurations = (
				72897CBB15BA818B0023B870 /* Debug */,
				72897CBC15BA818B0023B870 /* Release */,
			);
			defaultConfigurationIsVisible = 0;
			defaultConfigurationName = Release;
		};
		72897CBD15BA818B0023B870 /* Build configuration list for PBXNativeTarget "SNOperationQueue" */ = {
			isa = XCConfigurationList;
			buildConfigurations = (
				72897CBE15BA818B0023B870 /* Debug */,
				72897CBF15BA818B0023B870 /* Release */,
			);
			defaultConfigurationIsVisible = 0;
			defaultConfigurationName = Release;
		};
/* End XCConfigurationList section */
	};
	rootObject = 72897C9E15BA818B0023B870 /* Project object */;
}
